
Microsoft Visual Studio Solution File, Format Version 10.00
# Visual Studio 2008
Project("{00000000-0000-0000-0000-000000000000}") = "MyJsonFxWebApp1", "MyJsonFxWebApp1\MyJsonFxWebApp1.csproj", "{04636158-5351-4BAC-9E63-2AB4E83E7212}"
EndProject
Global
	GlobalSection(SolutionConfigurationPlatforms) = preSolution
		Debug|Any CPU = Debug|Any CPU
		Release|Any CPU = Release|Any CPU
	EndGlobalSection
	GlobalSection(ProjectConfigurationPlatforms) = postSolution
		{04636158-5351-4BAC-9E63-2AB4E83E7212}.Debug|Any CPU.ActiveCfg = Debug|Any CPU
		{04636158-5351-4BAC-9E63-2AB4E83E7212}.Debug|Any CPU.Build.0 = Debug|Any CPU
		{04636158-5351-4BAC-9E63-2AB4E83E7212}.Release|Any CPU.ActiveCfg = Release|Any CPU
		{04636158-5351-4BAC-9E63-2AB4E83E7212}.Release|Any CPU.Build.0 = Release|Any CPU
	EndGlobalSection
	GlobalSection(SolutionProperties) = preSolution
		HideSolutionNode = FALSE
	EndGlobalSection
EndGlobal
